
Microsoft Visual Studio Solution File, Format Version 12.00
# Visual Studio Version 17
VisualStudioVersion = 17.7.34221.43
MinimumVisualStudioVersion = 10.0.40219.1
Project("{2150E333-8FDC-42A3-9474-1A3956D46DE8}") = "01 APIS", "01 APIS", "{44230EC6-1286-4BBD-A863-A31834E9704F}"
EndProject
Project("{2150E333-8FDC-42A3-9474-1A3956D46DE8}") = "02 BUSSNIES", "02 BUSSNIES", "{8FB49B6F-5D60-4508-86F5-F0DFE5D5729F}"
EndProject
Project("{2150E333-8FDC-42A3-9474-1A3956D46DE8}") = "03 SERVICES", "03 SERVICES", "{58E5FD0D-99E4-49A8-8FD3-3281DF3CD048}"
EndProject
Project("{2150E333-8FDC-42A3-9474-1A3956D46DE8}") = "04 REPOSITORY", "04 REPOSITORY", "{CACA7DC2-F819-4BFD-A39C-7D98A7EFB0D6}"
EndProject
Project("{2150E333-8FDC-42A3-9474-1A3956D46DE8}") = "05 MODELS", "05 MODELS", "{2A47023C-6F38-4B0C-A60A-7957EC9EE656}"
EndProject
Project("{2150E333-8FDC-42A3-9474-1A3956D46DE8}") = "06 UTILITARIOS", "06 UTILITARIOS", "{1E4CFE33-9D2E-4131-9906-8DC27EC6B77E}"
EndProject
Project("{2150E333-8FDC-42A3-9474-1A3956D46DE8}") = "10 ANOTACIONES", "10 ANOTACIONES", "{4E45DC1B-1683-4E1A-9884-4AC5CF98C550}"
	ProjectSection(SolutionItems) = preProject
		DataBase.sql = DataBase.sql
		Mapeo_BD.txt = Mapeo_BD.txt
	EndProjectSection
EndProject
Project("{FAE04EC0-301F-11D3-BF4B-00C04F79EFBC}") = "ApiWeb", "ApiWeb\ApiWeb.csproj", "{8CD78414-C124-465E-9BE8-B22AF96B2FEE}"
EndProject
Project("{FAE04EC0-301F-11D3-BF4B-00C04F79EFBC}") = "Bussnies", "Bussnies\Bussnies.csproj", "{F437508C-F0E8-4509-A469-002DB09738E6}"
EndProject
Project("{FAE04EC0-301F-11D3-BF4B-00C04F79EFBC}") = "IBussnies", "IBussnies\IBussnies.csproj", "{C2A0A9F5-64A7-4AB8-B7A4-A266537B8398}"
EndProject
Project("{FAE04EC0-301F-11D3-BF4B-00C04F79EFBC}") = "Services", "Services\Services.csproj", "{BD789FED-8310-4889-BE1F-7913B9C1DE01}"
EndProject
Project("{FAE04EC0-301F-11D3-BF4B-00C04F79EFBC}") = "IServices", "IServices\IServices.csproj", "{B91D1357-FE69-4473-904A-2857AF177E71}"
EndProject
Project("{FAE04EC0-301F-11D3-BF4B-00C04F79EFBC}") = "Repository", "Repository\Repository.csproj", "{100D2AC4-2B4D-43A4-A8B1-4128F95DD681}"
EndProject
Project("{FAE04EC0-301F-11D3-BF4B-00C04F79EFBC}") = "IRepository", "IRepository\IRepository.csproj", "{FC62CFEB-1F72-42C2-AAE2-F6588FBCD2AF}"
EndProject
Project("{FAE04EC0-301F-11D3-BF4B-00C04F79EFBC}") = "BDModel", "BDModel\BDModel.csproj", "{6A9CB00B-0B44-49FC-9B5E-51522E4EB58D}"
EndProject
Project("{FAE04EC0-301F-11D3-BF4B-00C04F79EFBC}") = "Models", "Models\Models.csproj", "{078A58E7-77D2-45FB-BBD7-2573D45D7BA4}"
EndProject
Project("{FAE04EC0-301F-11D3-BF4B-00C04F79EFBC}") = "UtilAutomapper", "UtilAutomapper\UtilAutomapper.csproj", "{A89F962F-E81E-4EE1-80A2-5ABC3083974E}"
EndProject
Project("{FAE04EC0-301F-11D3-BF4B-00C04F79EFBC}") = "UtilConstants", "UtilConstants\UtilConstants.csproj", "{74AA22E1-2F48-49C5-8F0C-CA50DF2E0C62}"
EndProject
Project("{FAE04EC0-301F-11D3-BF4B-00C04F79EFBC}") = "UtilSecurity", "UtilSecurity\UtilSecurity.csproj", "{90493857-14C4-4DCB-8A9E-E1A89F3AE1D9}"
EndProject
Global
	GlobalSection(SolutionConfigurationPlatforms) = preSolution
		Debug|Any CPU = Debug|Any CPU
		Release|Any CPU = Release|Any CPU
	EndGlobalSection
	GlobalSection(ProjectConfigurationPlatforms) = postSolution
		{8CD78414-C124-465E-9BE8-B22AF96B2FEE}.Debug|Any CPU.ActiveCfg = Debug|Any CPU
		{8CD78414-C124-465E-9BE8-B22AF96B2FEE}.Debug|Any CPU.Build.0 = Debug|Any CPU
		{8CD78414-C124-465E-9BE8-B22AF96B2FEE}.Release|Any CPU.ActiveCfg = Release|Any CPU
		{8CD78414-C124-465E-9BE8-B22AF96B2FEE}.Release|Any CPU.Build.0 = Release|Any CPU
		{F437508C-F0E8-4509-A469-002DB09738E6}.Debug|Any CPU.ActiveCfg = Debug|Any CPU
		{F437508C-F0E8-4509-A469-002DB09738E6}.Debug|Any CPU.Build.0 = Debug|Any CPU
		{F437508C-F0E8-4509-A469-002DB09738E6}.Release|Any CPU.ActiveCfg = Release|Any CPU
		{F437508C-F0E8-4509-A469-002DB09738E6}.Release|Any CPU.Build.0 = Release|Any CPU
		{C2A0A9F5-64A7-4AB8-B7A4-A266537B8398}.Debug|Any CPU.ActiveCfg = Debug|Any CPU
		{C2A0A9F5-64A7-4AB8-B7A4-A266537B8398}.Debug|Any CPU.Build.0 = Debug|Any CPU
		{C2A0A9F5-64A7-4AB8-B7A4-A266537B8398}.Release|Any CPU.ActiveCfg = Release|Any CPU
		{C2A0A9F5-64A7-4AB8-B7A4-A266537B8398}.Release|Any CPU.Build.0 = Release|Any CPU
		{BD789FED-8310-4889-BE1F-7913B9C1DE01}.Debug|Any CPU.ActiveCfg = Debug|Any CPU
		{BD789FED-8310-4889-BE1F-7913B9C1DE01}.Debug|Any CPU.Build.0 = Debug|Any CPU
		{BD789FED-8310-4889-BE1F-7913B9C1DE01}.Release|Any CPU.ActiveCfg = Release|Any CPU
		{BD789FED-8310-4889-BE1F-7913B9C1DE01}.Release|Any CPU.Build.0 = Release|Any CPU
		{B91D1357-FE69-4473-904A-2857AF177E71}.Debug|Any CPU.ActiveCfg = Debug|Any CPU
		{B91D1357-FE69-4473-904A-2857AF177E71}.Debug|Any CPU.Build.0 = Debug|Any CPU
		{B91D1357-FE69-4473-904A-2857AF177E71}.Release|Any CPU.ActiveCfg = Release|Any CPU
		{B91D1357-FE69-4473-904A-2857AF177E71}.Release|Any CPU.Build.0 = Release|Any CPU
		{100D2AC4-2B4D-43A4-A8B1-4128F95DD681}.Debug|Any CPU.ActiveCfg = Debug|Any CPU
		{100D2AC4-2B4D-43A4-A8B1-4128F95DD681}.Debug|Any CPU.Build.0 = Debug|Any CPU
		{100D2AC4-2B4D-43A4-A8B1-4128F95DD681}.Release|Any CPU.ActiveCfg = Release|Any CPU
		{100D2AC4-2B4D-43A4-A8B1-4128F95DD681}.Release|Any CPU.Build.0 = Release|Any CPU
		{FC62CFEB-1F72-42C2-AAE2-F6588FBCD2AF}.Debug|Any CPU.ActiveCfg = Debug|Any CPU
		{FC62CFEB-1F72-42C2-AAE2-F6588FBCD2AF}.Debug|Any CPU.Build.0 = Debug|Any CPU
		{FC62CFEB-1F72-42C2-AAE2-F6588FBCD2AF}.Release|Any CPU.ActiveCfg = Release|Any CPU
		{FC62CFEB-1F72-42C2-AAE2-F6588FBCD2AF}.Release|Any CPU.Build.0 = Release|Any CPU
		{6A9CB00B-0B44-49FC-9B5E-51522E4EB58D}.Debug|Any CPU.ActiveCfg = Debug|Any CPU
		{6A9CB00B-0B44-49FC-9B5E-51522E4EB58D}.Debug|Any CPU.Build.0 = Debug|Any CPU
		{6A9CB00B-0B44-49FC-9B5E-51522E4EB58D}.Release|Any CPU.ActiveCfg = Release|Any CPU
		{6A9CB00B-0B44-49FC-9B5E-51522E4EB58D}.Release|Any CPU.Build.0 = Release|Any CPU
		{078A58E7-77D2-45FB-BBD7-2573D45D7BA4}.Debug|Any CPU.ActiveCfg = Debug|Any CPU
		{078A58E7-77D2-45FB-BBD7-2573D45D7BA4}.Debug|Any CPU.Build.0 = Debug|Any CPU
		{078A58E7-77D2-45FB-BBD7-2573D45D7BA4}.Release|Any CPU.ActiveCfg = Release|Any CPU
		{078A58E7-77D2-45FB-BBD7-2573D45D7BA4}.Release|Any CPU.Build.0 = Release|Any CPU
		{A89F962F-E81E-4EE1-80A2-5ABC3083974E}.Debug|Any CPU.ActiveCfg = Debug|Any CPU
		{A89F962F-E81E-4EE1-80A2-5ABC3083974E}.Debug|Any CPU.Build.0 = Debug|Any CPU
		{A89F962F-E81E-4EE1-80A2-5ABC3083974E}.Release|Any CPU.ActiveCfg = Release|Any CPU
		{A89F962F-E81E-4EE1-80A2-5ABC3083974E}.Release|Any CPU.Build.0 = Release|Any CPU
		{74AA22E1-2F48-49C5-8F0C-CA50DF2E0C62}.Debug|Any CPU.ActiveCfg = Debug|Any CPU
		{74AA22E1-2F48-49C5-8F0C-CA50DF2E0C62}.Debug|Any CPU.Build.0 = Debug|Any CPU
		{74AA22E1-2F48-49C5-8F0C-CA50DF2E0C62}.Release|Any CPU.ActiveCfg = Release|Any CPU
		{74AA22E1-2F48-49C5-8F0C-CA50DF2E0C62}.Release|Any CPU.Build.0 = Release|Any CPU
		{90493857-14C4-4DCB-8A9E-E1A89F3AE1D9}.Debug|Any CPU.ActiveCfg = Debug|Any CPU
		{90493857-14C4-4DCB-8A9E-E1A89F3AE1D9}.Debug|Any CPU.Build.0 = Debug|Any CPU
		{90493857-14C4-4DCB-8A9E-E1A89F3AE1D9}.Release|Any CPU.ActiveCfg = Release|Any CPU
		{90493857-14C4-4DCB-8A9E-E1A89F3AE1D9}.Release|Any CPU.Build.0 = Release|Any CPU
	EndGlobalSection
	GlobalSection(SolutionProperties) = preSolution
		HideSolutionNode = FALSE
	EndGlobalSection
	GlobalSection(NestedProjects) = preSolution
		{8CD78414-C124-465E-9BE8-B22AF96B2FEE} = {44230EC6-1286-4BBD-A863-A31834E9704F}
		{F437508C-F0E8-4509-A469-002DB09738E6} = {8FB49B6F-5D60-4508-86F5-F0DFE5D5729F}
		{C2A0A9F5-64A7-4AB8-B7A4-A266537B8398} = {8FB49B6F-5D60-4508-86F5-F0DFE5D5729F}
		{BD789FED-8310-4889-BE1F-7913B9C1DE01} = {58E5FD0D-99E4-49A8-8FD3-3281DF3CD048}
		{B91D1357-FE69-4473-904A-2857AF177E71} = {58E5FD0D-99E4-49A8-8FD3-3281DF3CD048}
		{100D2AC4-2B4D-43A4-A8B1-4128F95DD681} = {CACA7DC2-F819-4BFD-A39C-7D98A7EFB0D6}
		{FC62CFEB-1F72-42C2-AAE2-F6588FBCD2AF} = {CACA7DC2-F819-4BFD-A39C-7D98A7EFB0D6}
		{6A9CB00B-0B44-49FC-9B5E-51522E4EB58D} = {2A47023C-6F38-4B0C-A60A-7957EC9EE656}
		{078A58E7-77D2-45FB-BBD7-2573D45D7BA4} = {2A47023C-6F38-4B0C-A60A-7957EC9EE656}
		{A89F962F-E81E-4EE1-80A2-5ABC3083974E} = {1E4CFE33-9D2E-4131-9906-8DC27EC6B77E}
		{74AA22E1-2F48-49C5-8F0C-CA50DF2E0C62} = {1E4CFE33-9D2E-4131-9906-8DC27EC6B77E}
		{90493857-14C4-4DCB-8A9E-E1A89F3AE1D9} = {1E4CFE33-9D2E-4131-9906-8DC27EC6B77E}
	EndGlobalSection
	GlobalSection(ExtensibilityGlobals) = postSolution
		SolutionGuid = {406E76F0-CECC-41EC-BE48-4041CC9D4CA3}
	EndGlobalSection
EndGlobal
